
Microsoft Visual Studio Solution File, Format Version 12.00
# Visual Studio Version 17
VisualStudioVersion = 17.1.32228.430
MinimumVisualStudioVersion = 10.0.40219.1
Project("{9A19103F-16F7-4668-BE54-9A1E7A4F7556}") = "Console.Api", "Console.Api\Console.Api.csproj", "{E5C31CE4-253B-42F9-9C82-6EEBE556D1E2}"
EndProject
Project("{9A19103F-16F7-4668-BE54-9A1E7A4F7556}") = "Console.ApplicationCore", "Console.ApplicationCore\Console.ApplicationCore.csproj", "{2A22C5D5-1B11-41E5-BB9D-CA1EA965B57F}"
EndProject
Project("{9A19103F-16F7-4668-BE54-9A1E7A4F7556}") = "Console.Infrastructure", "Console.Infrastructure\Console.Infrastructure.csproj", "{54EFE592-D2F5-4C42-9FCF-FA9C0BA13615}"
EndProject
Project("{2150E333-8FDC-42A3-9474-1A3956D46DE8}") = "Module", "Module", "{A3EB3B77-EC45-494B-AE63-E4D1D4178C15}"
EndProject
Project("{FAE04EC0-301F-11D3-BF4B-00C04F79EFBC}") = "Console.Module.Email", "Console.Module.Email\Console.Module.Email.csproj", "{E07E027E-89BF-4513-A53B-146223CA37B3}"
EndProject
Global
	GlobalSection(SolutionConfigurationPlatforms) = preSolution
		Debug|Any CPU = Debug|Any CPU
		Release|Any CPU = Release|Any CPU
	EndGlobalSection
	GlobalSection(ProjectConfigurationPlatforms) = postSolution
		{E5C31CE4-253B-42F9-9C82-6EEBE556D1E2}.Debug|Any CPU.ActiveCfg = Debug|Any CPU
		{E5C31CE4-253B-42F9-9C82-6EEBE556D1E2}.Debug|Any CPU.Build.0 = Debug|Any CPU
		{E5C31CE4-253B-42F9-9C82-6EEBE556D1E2}.Release|Any CPU.ActiveCfg = Release|Any CPU
		{E5C31CE4-253B-42F9-9C82-6EEBE556D1E2}.Release|Any CPU.Build.0 = Release|Any CPU
		{2A22C5D5-1B11-41E5-BB9D-CA1EA965B57F}.Debug|Any CPU.ActiveCfg = Debug|Any CPU
		{2A22C5D5-1B11-41E5-BB9D-CA1EA965B57F}.Debug|Any CPU.Build.0 = Debug|Any CPU
		{2A22C5D5-1B11-41E5-BB9D-CA1EA965B57F}.Release|Any CPU.ActiveCfg = Release|Any CPU
		{2A22C5D5-1B11-41E5-BB9D-CA1EA965B57F}.Release|Any CPU.Build.0 = Release|Any CPU
		{54EFE592-D2F5-4C42-9FCF-FA9C0BA13615}.Debug|Any CPU.ActiveCfg = Debug|Any CPU
		{54EFE592-D2F5-4C42-9FCF-FA9C0BA13615}.Debug|Any CPU.Build.0 = Debug|Any CPU
		{54EFE592-D2F5-4C42-9FCF-FA9C0BA13615}.Release|Any CPU.ActiveCfg = Release|Any CPU
		{54EFE592-D2F5-4C42-9FCF-FA9C0BA13615}.Release|Any CPU.Build.0 = Release|Any CPU
		{E07E027E-89BF-4513-A53B-146223CA37B3}.Debug|Any CPU.ActiveCfg = Debug|Any CPU
		{E07E027E-89BF-4513-A53B-146223CA37B3}.Debug|Any CPU.Build.0 = Debug|Any CPU
		{E07E027E-89BF-4513-A53B-146223CA37B3}.Release|Any CPU.ActiveCfg = Release|Any CPU
		{E07E027E-89BF-4513-A53B-146223CA37B3}.Release|Any CPU.Build.0 = Release|Any CPU
	EndGlobalSection
	GlobalSection(SolutionProperties) = preSolution
		HideSolutionNode = FALSE
	EndGlobalSection
	GlobalSection(NestedProjects) = preSolution
		{E07E027E-89BF-4513-A53B-146223CA37B3} = {A3EB3B77-EC45-494B-AE63-E4D1D4178C15}
	EndGlobalSection
	GlobalSection(ExtensibilityGlobals) = postSolution
		SolutionGuid = {A22EA2EF-DEDB-4DF4-A209-888505D10EC4}
	EndGlobalSection
EndGlobal
